
Microsoft Visual Studio Solution File, Format Version 12.00
# Visual Studio Version 16
VisualStudioVersion = 16.0.31624.102
MinimumVisualStudioVersion = 10.0.40219.1
Project("{FAE04EC0-301F-11D3-BF4B-00C04F79EFBC}") = "ClassLibraryArea", "ClassLibraryArea\ClassLibraryArea.csproj", "{75DCE1B8-CC64-40CA-8354-37F845FBFF0B}"
EndProject
Project("{FAE04EC0-301F-11D3-BF4B-00C04F79EFBC}") = "ClassLibraryAreaTests", "ClassLibraryAreaTests\ClassLibraryAreaTests.csproj", "{D7810E4E-A8AD-4B37-81B3-D1902CC0E85B}"
EndProject
Global
	GlobalSection(SolutionConfigurationPlatforms) = preSolution
		Debug|Any CPU = Debug|Any CPU
		Release|Any CPU = Release|Any CPU
	EndGlobalSection
	GlobalSection(ProjectConfigurationPlatforms) = postSolution
		{75DCE1B8-CC64-40CA-8354-37F845FBFF0B}.Debug|Any CPU.ActiveCfg = Debug|Any CPU
		{75DCE1B8-CC64-40CA-8354-37F845FBFF0B}.Debug|Any CPU.Build.0 = Debug|Any CPU
		{75DCE1B8-CC64-40CA-8354-37F845FBFF0B}.Release|Any CPU.ActiveCfg = Release|Any CPU
		{75DCE1B8-CC64-40CA-8354-37F845FBFF0B}.Release|Any CPU.Build.0 = Release|Any CPU
		{D7810E4E-A8AD-4B37-81B3-D1902CC0E85B}.Debug|Any CPU.ActiveCfg = Debug|Any CPU
		{D7810E4E-A8AD-4B37-81B3-D1902CC0E85B}.Debug|Any CPU.Build.0 = Debug|Any CPU
		{D7810E4E-A8AD-4B37-81B3-D1902CC0E85B}.Release|Any CPU.ActiveCfg = Release|Any CPU
		{D7810E4E-A8AD-4B37-81B3-D1902CC0E85B}.Release|Any CPU.Build.0 = Release|Any CPU
	EndGlobalSection
	GlobalSection(SolutionProperties) = preSolution
		HideSolutionNode = FALSE
	EndGlobalSection
	GlobalSection(ExtensibilityGlobals) = postSolution
		SolutionGuid = {DBB7B4DD-60C1-4CF7-AA4E-F025D31AED8C}
	EndGlobalSection
EndGlobal
